<?xml version="1.0" encoding="UTF-8"?>
<CodeBlocks_project_file>
	<FileVersion major="1" minor="6"/>
	<Project>
		<Option title="GetWin32ExternalLibraries"/>
		<Option makefile_is_custom="1"/>
		<Option compiler="msvc8"/>
		<Option virtualFolders="CMake Files\;CMake Files\libs\;CMake Files\libs\tucanow\;CMake Files\libs\tucanow\win32-libs\;CMake Files\libs\tucanow\cmake\;CMake Files\..\;CMake Files\..\..\;CMake Files\..\..\..\;CMake Files\..\..\..\..\;CMake Files\..\..\..\..\Qt\;CMake Files\..\..\..\..\Qt\5.12.5\;CMake Files\..\..\..\..\Qt\5.12.5\msvc2017_64\;CMake Files\..\..\..\..\Qt\5.12.5\msvc2017_64\lib\;CMake Files\..\..\..\..\Qt\5.12.5\msvc2017_64\lib\cmake\;CMake Files\..\..\..\..\Qt\5.12.5\msvc2017_64\lib\cmake\Qt5\;CMake Files\..\..\..\..\Qt\5.12.5\msvc2017_64\lib\cmake\Qt5Core\;CMake Files\..\..\..\..\Qt\5.12.5\msvc2017_64\lib\cmake\Qt5Gui\;CMake Files\..\..\..\..\Qt\5.12.5\msvc2017_64\lib\cmake\Qt5Widgets\;CMake Files\..\..\..\..\Qt\5.12.5\msvc2017_64\lib\cmake\Qt5Svg\;CMake Files\qdarkstyle\;"/>
		<Build>
			<Target title="all">
				<Option working_dir="C:/Users/srdcp/Documents/sketchreconstruction2/release/libs/tucanow/win32-libs"/>
				<Option type="4"/>
				<MakeCommands>
					<Build command="nmake /NOLOGO /f C:\Users\srdcp\Documents\sketchreconstruction2\release\libs\tucanow\win32-libs\Makefile VERBOSE=1 all"/>
					<CompileFile command="nmake /NOLOGO /f C:\Users\srdcp\Documents\sketchreconstruction2\release\libs\tucanow\win32-libs\Makefile VERBOSE=1 &quot;$file&quot;"/>
					<Clean command="nmake /NOLOGO /f C:\Users\srdcp\Documents\sketchreconstruction2\release\libs\tucanow\win32-libs\Makefile VERBOSE=1 clean"/>
					<DistClean command="nmake /NOLOGO /f C:\Users\srdcp\Documents\sketchreconstruction2\release\libs\tucanow\win32-libs\Makefile VERBOSE=1 clean"/>
				</MakeCommands>
			</Target>
		</Build>
		<Unit filename="C:/Users/srdcp/Documents/sketchreconstruction2/CMakeLists.txt">
			<Option virtualFolder="CMake Files\"/>
		</Unit>
		<Unit filename="C:/Users/srdcp/Documents/sketchreconstruction2/resources.qrc">
			<Option virtualFolder="CMake Files\"/>
		</Unit>
		<Unit filename="C:/Users/srdcp/Documents/sketchreconstruction2/libs/tucanow/CMakeLists.txt">
			<Option virtualFolder="CMake Files\libs\tucanow\"/>
		</Unit>
		<Unit filename="C:/Users/srdcp/Documents/sketchreconstruction2/libs/tucanow/win32-libs/CMakeLists.txt">
			<Option virtualFolder="CMake Files\libs\tucanow\win32-libs\"/>
		</Unit>
		<Unit filename="C:/Users/srdcp/Documents/sketchreconstruction2/libs/tucanow/win32-libs/get_eigen-3.3.7_win32.cmake">
			<Option virtualFolder="CMake Files\libs\tucanow\win32-libs\"/>
		</Unit>
		<Unit filename="C:/Users/srdcp/Documents/sketchreconstruction2/libs/tucanow/win32-libs/get_glew-2.1.0_win32.cmake">
			<Option virtualFolder="CMake Files\libs\tucanow\win32-libs\"/>
		</Unit>
		<Unit filename="C:/Users/srdcp/Documents/sketchreconstruction2/libs/tucanow/cmake/BuildDocumentation.cmake">
			<Option virtualFolder="CMake Files\libs\tucanow\cmake\"/>
		</Unit>
		<Unit filename="C:/Users/srdcp/Documents/sketchreconstruction2/../../../../Qt/5.12.5/msvc2017_64/lib/cmake/Qt5/Qt5Config.cmake">
			<Option virtualFolder="CMake Files\..\..\..\..\Qt\5.12.5\msvc2017_64\lib\cmake\Qt5\"/>
		</Unit>
		<Unit filename="C:/Users/srdcp/Documents/sketchreconstruction2/../../../../Qt/5.12.5/msvc2017_64/lib/cmake/Qt5/Qt5ConfigVersion.cmake">
			<Option virtualFolder="CMake Files\..\..\..\..\Qt\5.12.5\msvc2017_64\lib\cmake\Qt5\"/>
		</Unit>
		<Unit filename="C:/Users/srdcp/Documents/sketchreconstruction2/../../../../Qt/5.12.5/msvc2017_64/lib/cmake/Qt5/Qt5ModuleLocation.cmake">
			<Option virtualFolder="CMake Files\..\..\..\..\Qt\5.12.5\msvc2017_64\lib\cmake\Qt5\"/>
		</Unit>
		<Unit filename="C:/Users/srdcp/Documents/sketchreconstruction2/../../../../Qt/5.12.5/msvc2017_64/lib/cmake/Qt5Core/Qt5CoreConfig.cmake">
			<Option virtualFolder="CMake Files\..\..\..\..\Qt\5.12.5\msvc2017_64\lib\cmake\Qt5Core\"/>
		</Unit>
		<Unit filename="C:/Users/srdcp/Documents/sketchreconstruction2/../../../../Qt/5.12.5/msvc2017_64/lib/cmake/Qt5Core/Qt5CoreConfigExtras.cmake">
			<Option virtualFolder="CMake Files\..\..\..\..\Qt\5.12.5\msvc2017_64\lib\cmake\Qt5Core\"/>
		</Unit>
		<Unit filename="C:/Users/srdcp/Documents/sketchreconstruction2/../../../../Qt/5.12.5/msvc2017_64/lib/cmake/Qt5Core/Qt5CoreConfigExtrasMkspecDir.cmake">
			<Option virtualFolder="CMake Files\..\..\..\..\Qt\5.12.5\msvc2017_64\lib\cmake\Qt5Core\"/>
		</Unit>
		<Unit filename="C:/Users/srdcp/Documents/sketchreconstruction2/../../../../Qt/5.12.5/msvc2017_64/lib/cmake/Qt5Core/Qt5CoreConfigVersion.cmake">
			<Option virtualFolder="CMake Files\..\..\..\..\Qt\5.12.5\msvc2017_64\lib\cmake\Qt5Core\"/>
		</Unit>
		<Unit filename="C:/Users/srdcp/Documents/sketchreconstruction2/../../../../Qt/5.12.5/msvc2017_64/lib/cmake/Qt5Core/Qt5CoreMacros.cmake">
			<Option virtualFolder="CMake Files\..\..\..\..\Qt\5.12.5\msvc2017_64\lib\cmake\Qt5Core\"/>
		</Unit>
		<Unit filename="C:/Users/srdcp/Documents/sketchreconstruction2/../../../../Qt/5.12.5/msvc2017_64/lib/cmake/Qt5Gui/Qt5GuiConfig.cmake">
			<Option virtualFolder="CMake Files\..\..\..\..\Qt\5.12.5\msvc2017_64\lib\cmake\Qt5Gui\"/>
		</Unit>
		<Unit filename="C:/Users/srdcp/Documents/sketchreconstruction2/../../../../Qt/5.12.5/msvc2017_64/lib/cmake/Qt5Gui/Qt5GuiConfigExtras.cmake">
			<Option virtualFolder="CMake Files\..\..\..\..\Qt\5.12.5\msvc2017_64\lib\cmake\Qt5Gui\"/>
		</Unit>
		<Unit filename="C:/Users/srdcp/Documents/sketchreconstruction2/../../../../Qt/5.12.5/msvc2017_64/lib/cmake/Qt5Gui/Qt5GuiConfigVersion.cmake">
			<Option virtualFolder="CMake Files\..\..\..\..\Qt\5.12.5\msvc2017_64\lib\cmake\Qt5Gui\"/>
		</Unit>
		<Unit filename="C:/Users/srdcp/Documents/sketchreconstruction2/../../../../Qt/5.12.5/msvc2017_64/lib/cmake/Qt5Gui/Qt5Gui_QGifPlugin.cmake">
			<Option virtualFolder="CMake Files\..\..\..\..\Qt\5.12.5\msvc2017_64\lib\cmake\Qt5Gui\"/>
		</Unit>
		<Unit filename="C:/Users/srdcp/Documents/sketchreconstruction2/../../../../Qt/5.12.5/msvc2017_64/lib/cmake/Qt5Gui/Qt5Gui_QICNSPlugin.cmake">
			<Option virtualFolder="CMake Files\..\..\..\..\Qt\5.12.5\msvc2017_64\lib\cmake\Qt5Gui\"/>
		</Unit>
		<Unit filename="C:/Users/srdcp/Documents/sketchreconstruction2/../../../../Qt/5.12.5/msvc2017_64/lib/cmake/Qt5Gui/Qt5Gui_QICOPlugin.cmake">
			<Option virtualFolder="CMake Files\..\..\..\..\Qt\5.12.5\msvc2017_64\lib\cmake\Qt5Gui\"/>
		</Unit>
		<Unit filename="C:/Users/srdcp/Documents/sketchreconstruction2/../../../../Qt/5.12.5/msvc2017_64/lib/cmake/Qt5Gui/Qt5Gui_QJpegPlugin.cmake">
			<Option virtualFolder="CMake Files\..\..\..\..\Qt\5.12.5\msvc2017_64\lib\cmake\Qt5Gui\"/>
		</Unit>
		<Unit filename="C:/Users/srdcp/Documents/sketchreconstruction2/../../../../Qt/5.12.5/msvc2017_64/lib/cmake/Qt5Gui/Qt5Gui_QMinimalIntegrationPlugin.cmake">
			<Option virtualFolder="CMake Files\..\..\..\..\Qt\5.12.5\msvc2017_64\lib\cmake\Qt5Gui\"/>
		</Unit>
		<Unit filename="C:/Users/srdcp/Documents/sketchreconstruction2/../../../../Qt/5.12.5/msvc2017_64/lib/cmake/Qt5Gui/Qt5Gui_QOffscreenIntegrationPlugin.cmake">
			<Option virtualFolder="CMake Files\..\..\..\..\Qt\5.12.5\msvc2017_64\lib\cmake\Qt5Gui\"/>
		</Unit>
		<Unit filename="C:/Users/srdcp/Documents/sketchreconstruction2/../../../../Qt/5.12.5/msvc2017_64/lib/cmake/Qt5Gui/Qt5Gui_QTgaPlugin.cmake">
			<Option virtualFolder="CMake Files\..\..\..\..\Qt\5.12.5\msvc2017_64\lib\cmake\Qt5Gui\"/>
		</Unit>
		<Unit filename="C:/Users/srdcp/Documents/sketchreconstruction2/../../../../Qt/5.12.5/msvc2017_64/lib/cmake/Qt5Gui/Qt5Gui_QTiffPlugin.cmake">
			<Option virtualFolder="CMake Files\..\..\..\..\Qt\5.12.5\msvc2017_64\lib\cmake\Qt5Gui\"/>
		</Unit>
		<Unit filename="C:/Users/srdcp/Documents/sketchreconstruction2/../../../../Qt/5.12.5/msvc2017_64/lib/cmake/Qt5Gui/Qt5Gui_QTuioTouchPlugin.cmake">
			<Option virtualFolder="CMake Files\..\..\..\..\Qt\5.12.5\msvc2017_64\lib\cmake\Qt5Gui\"/>
		</Unit>
		<Unit filename="C:/Users/srdcp/Documents/sketchreconstruction2/../../../../Qt/5.12.5/msvc2017_64/lib/cmake/Qt5Gui/Qt5Gui_QWbmpPlugin.cmake">
			<Option virtualFolder="CMake Files\..\..\..\..\Qt\5.12.5\msvc2017_64\lib\cmake\Qt5Gui\"/>
		</Unit>
		<Unit filename="C:/Users/srdcp/Documents/sketchreconstruction2/../../../../Qt/5.12.5/msvc2017_64/lib/cmake/Qt5Gui/Qt5Gui_QWebpPlugin.cmake">
			<Option virtualFolder="CMake Files\..\..\..\..\Qt\5.12.5\msvc2017_64\lib\cmake\Qt5Gui\"/>
		</Unit>
		<Unit filename="C:/Users/srdcp/Documents/sketchreconstruction2/../../../../Qt/5.12.5/msvc2017_64/lib/cmake/Qt5Gui/Qt5Gui_QWindowsDirect2DIntegrationPlugin.cmake">
			<Option virtualFolder="CMake Files\..\..\..\..\Qt\5.12.5\msvc2017_64\lib\cmake\Qt5Gui\"/>
		</Unit>
		<Unit filename="C:/Users/srdcp/Documents/sketchreconstruction2/../../../../Qt/5.12.5/msvc2017_64/lib/cmake/Qt5Gui/Qt5Gui_QWindowsIntegrationPlugin.cmake">
			<Option virtualFolder="CMake Files\..\..\..\..\Qt\5.12.5\msvc2017_64\lib\cmake\Qt5Gui\"/>
		</Unit>
		<Unit filename="C:/Users/srdcp/Documents/sketchreconstruction2/../../../../Qt/5.12.5/msvc2017_64/lib/cmake/Qt5Gui/Qt5Gui_QXdgDesktopPortalThemePlugin.cmake">
			<Option virtualFolder="CMake Files\..\..\..\..\Qt\5.12.5\msvc2017_64\lib\cmake\Qt5Gui\"/>
		</Unit>
		<Unit filename="C:/Users/srdcp/Documents/sketchreconstruction2/../../../../Qt/5.12.5/msvc2017_64/lib/cmake/Qt5Widgets/Qt5WidgetsConfig.cmake">
			<Option virtualFolder="CMake Files\..\..\..\..\Qt\5.12.5\msvc2017_64\lib\cmake\Qt5Widgets\"/>
		</Unit>
		<Unit filename="C:/Users/srdcp/Documents/sketchreconstruction2/../../../../Qt/5.12.5/msvc2017_64/lib/cmake/Qt5Widgets/Qt5WidgetsConfigExtras.cmake">
			<Option virtualFolder="CMake Files\..\..\..\..\Qt\5.12.5\msvc2017_64\lib\cmake\Qt5Widgets\"/>
		</Unit>
		<Unit filename="C:/Users/srdcp/Documents/sketchreconstruction2/../../../../Qt/5.12.5/msvc2017_64/lib/cmake/Qt5Widgets/Qt5WidgetsConfigVersion.cmake">
			<Option virtualFolder="CMake Files\..\..\..\..\Qt\5.12.5\msvc2017_64\lib\cmake\Qt5Widgets\"/>
		</Unit>
		<Unit filename="C:/Users/srdcp/Documents/sketchreconstruction2/../../../../Qt/5.12.5/msvc2017_64/lib/cmake/Qt5Widgets/Qt5WidgetsMacros.cmake">
			<Option virtualFolder="CMake Files\..\..\..\..\Qt\5.12.5\msvc2017_64\lib\cmake\Qt5Widgets\"/>
		</Unit>
		<Unit filename="C:/Users/srdcp/Documents/sketchreconstruction2/../../../../Qt/5.12.5/msvc2017_64/lib/cmake/Qt5Widgets/Qt5Widgets_QWindowsVistaStylePlugin.cmake">
			<Option virtualFolder="CMake Files\..\..\..\..\Qt\5.12.5\msvc2017_64\lib\cmake\Qt5Widgets\"/>
		</Unit>
		<Unit filename="C:/Users/srdcp/Documents/sketchreconstruction2/../../../../Qt/5.12.5/msvc2017_64/lib/cmake/Qt5Svg/Qt5SvgConfig.cmake">
			<Option virtualFolder="CMake Files\..\..\..\..\Qt\5.12.5\msvc2017_64\lib\cmake\Qt5Svg\"/>
		</Unit>
		<Unit filename="C:/Users/srdcp/Documents/sketchreconstruction2/../../../../Qt/5.12.5/msvc2017_64/lib/cmake/Qt5Svg/Qt5SvgConfigVersion.cmake">
			<Option virtualFolder="CMake Files\..\..\..\..\Qt\5.12.5\msvc2017_64\lib\cmake\Qt5Svg\"/>
		</Unit>
		<Unit filename="C:/Users/srdcp/Documents/sketchreconstruction2/../../../../Qt/5.12.5/msvc2017_64/lib/cmake/Qt5Svg/Qt5Svg_QSvgIconPlugin.cmake">
			<Option virtualFolder="CMake Files\..\..\..\..\Qt\5.12.5\msvc2017_64\lib\cmake\Qt5Svg\"/>
		</Unit>
		<Unit filename="C:/Users/srdcp/Documents/sketchreconstruction2/../../../../Qt/5.12.5/msvc2017_64/lib/cmake/Qt5Svg/Qt5Svg_QSvgPlugin.cmake">
			<Option virtualFolder="CMake Files\..\..\..\..\Qt\5.12.5\msvc2017_64\lib\cmake\Qt5Svg\"/>
		</Unit>
		<Unit filename="C:/Users/srdcp/Documents/sketchreconstruction2/qdarkstyle/style.qrc">
			<Option virtualFolder="CMake Files\qdarkstyle\"/>
		</Unit>
	</Project>
</CodeBlocks_project_file>
